
Microsoft Visual Studio Solution File, Format Version 11.00
# Visual Studio Version 17

Project("{8BC9CEB8-8B4A-11D0-8D11-00A0C91BC942}") = "MRedVocalChain - VST3", "MRedVocalChain_VST3.vcxproj", "{B3C56E2B-0B1C-1B8A-F05B-38A5DB7B05E2}"
	ProjectSection(ProjectDependencies) = postProject
		{29FF3588-7888-B6F5-0D48-2B24A82675A1} = {29FF3588-7888-B6F5-0D48-2B24A82675A1}
		{EE0F394A-3570-7910-1E0A-77E2EEA93E16} = {EE0F394A-3570-7910-1E0A-77E2EEA93E16}
	EndProjectSection
EndProject
Project("{8BC9CEB8-8B4A-11D0-8D11-00A0C91BC942}") = "MRedVocalChain - Shared Code", "MRedVocalChain_SharedCode.vcxproj", "{29FF3588-7888-B6F5-0D48-2B24A82675A1}"
EndProject
Project("{8BC9CEB8-8B4A-11D0-8D11-00A0C91BC942}") = "MRedVocalChain - VST3 Manifest Helper", "MRedVocalChain_VST3ManifestHelper.vcxproj", "{EE0F394A-3570-7910-1E0A-77E2EEA93E16}"
EndProject
Global
	GlobalSection(SolutionConfigurationPlatforms) = preSolution
		Debug|x64 = Debug|x64
		Release|x64 = Release|x64
	EndGlobalSection
	GlobalSection(ProjectConfigurationPlatforms) = postSolution
		{B3C56E2B-0B1C-1B8A-F05B-38A5DB7B05E2}.Debug|x64.ActiveCfg = Debug|x64
		{B3C56E2B-0B1C-1B8A-F05B-38A5DB7B05E2}.Debug|x64.Build.0 = Debug|x64
		{B3C56E2B-0B1C-1B8A-F05B-38A5DB7B05E2}.Release|x64.ActiveCfg = Release|x64
		{B3C56E2B-0B1C-1B8A-F05B-38A5DB7B05E2}.Release|x64.Build.0 = Release|x64
		{29FF3588-7888-B6F5-0D48-2B24A82675A1}.Debug|x64.ActiveCfg = Debug|x64
		{29FF3588-7888-B6F5-0D48-2B24A82675A1}.Debug|x64.Build.0 = Debug|x64
		{29FF3588-7888-B6F5-0D48-2B24A82675A1}.Release|x64.ActiveCfg = Release|x64
		{29FF3588-7888-B6F5-0D48-2B24A82675A1}.Release|x64.Build.0 = Release|x64
		{EE0F394A-3570-7910-1E0A-77E2EEA93E16}.Debug|x64.ActiveCfg = Debug|x64
		{EE0F394A-3570-7910-1E0A-77E2EEA93E16}.Debug|x64.Build.0 = Debug|x64
		{EE0F394A-3570-7910-1E0A-77E2EEA93E16}.Release|x64.ActiveCfg = Release|x64
		{EE0F394A-3570-7910-1E0A-77E2EEA93E16}.Release|x64.Build.0 = Release|x64
	EndGlobalSection
	GlobalSection(SolutionProperties) = preSolution
		HideSolutionNode = FALSE
	EndGlobalSection
EndGlobal
